// !$*UTF8*$!
{
	archiveVersion = 1;
	classes = {
	};
	objectVersion = 56;
	objects = {

/* Begin PBXBuildFile section */
		3134A07E2ADD7EC100A88F59 /* Strings.swift in Sources */ = {isa = PBXBuildFile; fileRef = 3134A07D2ADD7EC100A88F59 /* Strings.swift */; };
		3134A0802ADD7F0900A88F59 /* Symbols.swift in Sources */ = {isa = PBXBuildFile; fileRef = 3134A07F2ADD7F0900A88F59 /* Symbols.swift */; };
		3134A0822ADD7F2D00A88F59 /* Colors.swift in Sources */ = {isa = PBXBuildFile; fileRef = 3134A0812ADD7F2D00A88F59 /* Colors.swift */; };
		3134A0942ADD852600A88F59 /* PeopleView.swift in Sources */ = {isa = PBXBuildFile; fileRef = 3134A0932ADD852600A88F59 /* PeopleView.swift */; };
		3134A0982ADDA23F00A88F59 /* Launch Screen.storyboard in Resources */ = {isa = PBXBuildFile; fileRef = 3134A0972ADDA23F00A88F59 /* Launch Screen.storyboard */; };
		3134A09A2ADDAA5200A88F59 /* UsersStaticData.json in Resources */ = {isa = PBXBuildFile; fileRef = 3134A0992ADDAA5200A88F59 /* UsersStaticData.json */; };
		3134A09E2ADDAB2B00A88F59 /* UserStaticData.json in Resources */ = {isa = PBXBuildFile; fileRef = 3134A09D2ADDAB2B00A88F59 /* UserStaticData.json */; };
		3134A0A02ADDAD3000A88F59 /* UserDetailResponse.swift in Sources */ = {isa = PBXBuildFile; fileRef = 3134A09F2ADDAD3000A88F59 /* UserDetailResponse.swift */; };
		3134A0A22ADDADBD00A88F59 /* UsersResponse.swift in Sources */ = {isa = PBXBuildFile; fileRef = 3134A0A12ADDADBD00A88F59 /* UsersResponse.swift */; };
		3134A0A42ADDAE9400A88F59 /* Models.swift in Sources */ = {isa = PBXBuildFile; fileRef = 3134A0A32ADDAE9400A88F59 /* Models.swift */; };
		3134A0A72ADDAFC800A88F59 /* StaticJSONMapper.swift in Sources */ = {isa = PBXBuildFile; fileRef = 3134A0A62ADDAFC800A88F59 /* StaticJSONMapper.swift */; };
		3199CAF02ADD717100CFEC9E /* ReqresyncApp.swift in Sources */ = {isa = PBXBuildFile; fileRef = 3199CAEF2ADD717100CFEC9E /* ReqresyncApp.swift */; };
		3199CAF22ADD717100CFEC9E /* ContentView.swift in Sources */ = {isa = PBXBuildFile; fileRef = 3199CAF12ADD717100CFEC9E /* ContentView.swift */; };
		3199CAF42ADD717200CFEC9E /* Assets.xcassets in Resources */ = {isa = PBXBuildFile; fileRef = 3199CAF32ADD717200CFEC9E /* Assets.xcassets */; };
		3199CAF72ADD717200CFEC9E /* Preview Assets.xcassets in Resources */ = {isa = PBXBuildFile; fileRef = 3199CAF62ADD717200CFEC9E /* Preview Assets.xcassets */; };
/* End PBXBuildFile section */

/* Begin PBXFileReference section */
		3134A07D2ADD7EC100A88F59 /* Strings.swift */ = {isa = PBXFileReference; lastKnownFileType = sourcecode.swift; path = Strings.swift; sourceTree = "<group>"; };
		3134A07F2ADD7F0900A88F59 /* Symbols.swift */ = {isa = PBXFileReference; lastKnownFileType = sourcecode.swift; path = Symbols.swift; sourceTree = "<group>"; };
		3134A0812ADD7F2D00A88F59 /* Colors.swift */ = {isa = PBXFileReference; lastKnownFileType = sourcecode.swift; path = Colors.swift; sourceTree = "<group>"; };
		3134A0932ADD852600A88F59 /* PeopleView.swift */ = {isa = PBXFileReference; lastKnownFileType = sourcecode.swift; path = PeopleView.swift; sourceTree = "<group>"; };
		3134A0972ADDA23F00A88F59 /* Launch Screen.storyboard */ = {isa = PBXFileReference; lastKnownFileType = file.storyboard; path = "Launch Screen.storyboard"; sourceTree = "<group>"; };
		3134A0992ADDAA5200A88F59 /* UsersStaticData.json */ = {isa = PBXFileReference; lastKnownFileType = text.json; path = UsersStaticData.json; sourceTree = "<group>"; };
		3134A09D2ADDAB2B00A88F59 /* UserStaticData.json */ = {isa = PBXFileReference; lastKnownFileType = text.json; path = UserStaticData.json; sourceTree = "<group>"; };
		3134A09F2ADDAD3000A88F59 /* UserDetailResponse.swift */ = {isa = PBXFileReference; lastKnownFileType = sourcecode.swift; path = UserDetailResponse.swift; sourceTree = "<group>"; };
		3134A0A12ADDADBD00A88F59 /* UsersResponse.swift */ = {isa = PBXFileReference; lastKnownFileType = sourcecode.swift; path = UsersResponse.swift; sourceTree = "<group>"; };
		3134A0A32ADDAE9400A88F59 /* Models.swift */ = {isa = PBXFileReference; lastKnownFileType = sourcecode.swift; path = Models.swift; sourceTree = "<group>"; };
		3134A0A62ADDAFC800A88F59 /* StaticJSONMapper.swift */ = {isa = PBXFileReference; lastKnownFileType = sourcecode.swift; path = StaticJSONMapper.swift; sourceTree = "<group>"; };
		3199CAEC2ADD717100CFEC9E /* Reqresync.app */ = {isa = PBXFileReference; explicitFileType = wrapper.application; includeInIndex = 0; path = Reqresync.app; sourceTree = BUILT_PRODUCTS_DIR; };
		3199CAEF2ADD717100CFEC9E /* ReqresyncApp.swift */ = {isa = PBXFileReference; lastKnownFileType = sourcecode.swift; path = ReqresyncApp.swift; sourceTree = "<group>"; };
		3199CAF12ADD717100CFEC9E /* ContentView.swift */ = {isa = PBXFileReference; lastKnownFileType = sourcecode.swift; path = ContentView.swift; sourceTree = "<group>"; };
		3199CAF32ADD717200CFEC9E /* Assets.xcassets */ = {isa = PBXFileReference; lastKnownFileType = folder.assetcatalog; path = Assets.xcassets; sourceTree = "<group>"; };
		3199CAF62ADD717200CFEC9E /* Preview Assets.xcassets */ = {isa = PBXFileReference; lastKnownFileType = folder.assetcatalog; path = "Preview Assets.xcassets"; sourceTree = "<group>"; };
/* End PBXFileReference section */

/* Begin PBXFrameworksBuildPhase section */
		3199CAE92ADD717100CFEC9E /* Frameworks */ = {
			isa = PBXFrameworksBuildPhase;
			buildActionMask = 2147483647;
			files = (
			);
			runOnlyForDeploymentPostprocessing = 0;
		};
/* End PBXFrameworksBuildPhase section */

/* Begin PBXGroup section */
		3134A07C2ADD7EAA00A88F59 /* Assets */ = {
			isa = PBXGroup;
			children = (
				3199CAF32ADD717200CFEC9E /* Assets.xcassets */,
				3134A0812ADD7F2D00A88F59 /* Colors.swift */,
				3134A07D2ADD7EC100A88F59 /* Strings.swift */,
				3134A07F2ADD7F0900A88F59 /* Symbols.swift */,
				3134A0972ADDA23F00A88F59 /* Launch Screen.storyboard */,
			);
			path = Assets;
			sourceTree = "<group>";
		};
		3134A0832ADD7F6100A88F59 /* Components */ = {
			isa = PBXGroup;
			children = (
				3134A0842ADD7F7D00A88F59 /* JSON */,
				3134A0852ADD7F8E00A88F59 /* UI */,
			);
			path = Components;
			sourceTree = "<group>";
		};
		3134A0842ADD7F7D00A88F59 /* JSON */ = {
			isa = PBXGroup;
			children = (
				3134A0992ADDAA5200A88F59 /* UsersStaticData.json */,
				3134A09D2ADDAB2B00A88F59 /* UserStaticData.json */,
			);
			path = JSON;
			sourceTree = "<group>";
		};
		3134A0852ADD7F8E00A88F59 /* UI */ = {
			isa = PBXGroup;
			children = (
			);
			path = UI;
			sourceTree = "<group>";
		};
		3134A0872ADD7FC200A88F59 /* Data */ = {
			isa = PBXGroup;
			children = (
				3134A0882ADD83D900A88F59 /* Models */,
			);
			path = Data;
			sourceTree = "<group>";
		};
		3134A0882ADD83D900A88F59 /* Models */ = {
			isa = PBXGroup;
			children = (
				3134A09F2ADDAD3000A88F59 /* UserDetailResponse.swift */,
				3134A0A12ADDADBD00A88F59 /* UsersResponse.swift */,
				3134A0A32ADDAE9400A88F59 /* Models.swift */,
			);
			path = Models;
			sourceTree = "<group>";
		};
		3134A0892ADD83F100A88F59 /* Managers */ = {
			isa = PBXGroup;
			children = (
				3134A0A52ADDAFAC00A88F59 /* Mapper */,
			);
			path = Managers;
			sourceTree = "<group>";
		};
		3134A08A2ADD840500A88F59 /* Presentation */ = {
			isa = PBXGroup;
			children = (
				3134A08C2ADD845800A88F59 /* UI */,
				3134A08E2ADD848B00A88F59 /* ViewModels */,
			);
			path = Presentation;
			sourceTree = "<group>";
		};
		3134A08C2ADD845800A88F59 /* UI */ = {
			isa = PBXGroup;
			children = (
				3134A0902ADD84EC00A88F59 /* Aboutpage */,
				3134A0922ADD851000A88F59 /* People */,
			);
			path = UI;
			sourceTree = "<group>";
		};
		3134A08E2ADD848B00A88F59 /* ViewModels */ = {
			isa = PBXGroup;
			children = (
			);
			path = ViewModels;
			sourceTree = "<group>";
		};
		3134A0902ADD84EC00A88F59 /* Aboutpage */ = {
			isa = PBXGroup;
			children = (
			);
			path = Aboutpage;
			sourceTree = "<group>";
		};
		3134A0922ADD851000A88F59 /* People */ = {
			isa = PBXGroup;
			children = (
				3134A0932ADD852600A88F59 /* PeopleView.swift */,
			);
			path = People;
			sourceTree = "<group>";
		};
		3134A0A52ADDAFAC00A88F59 /* Mapper */ = {
			isa = PBXGroup;
			children = (
				3134A0A62ADDAFC800A88F59 /* StaticJSONMapper.swift */,
			);
			path = Mapper;
			sourceTree = "<group>";
		};
		3199CAE32ADD717000CFEC9E = {
			isa = PBXGroup;
			children = (
				3199CAEE2ADD717100CFEC9E /* Reqresync */,
				3199CAED2ADD717100CFEC9E /* Products */,
			);
			sourceTree = "<group>";
		};
		3199CAED2ADD717100CFEC9E /* Products */ = {
			isa = PBXGroup;
			children = (
				3199CAEC2ADD717100CFEC9E /* Reqresync.app */,
			);
			name = Products;
			sourceTree = "<group>";
		};
		3199CAEE2ADD717100CFEC9E /* Reqresync */ = {
			isa = PBXGroup;
			children = (
				3199CAEF2ADD717100CFEC9E /* ReqresyncApp.swift */,
				3199CAF12ADD717100CFEC9E /* ContentView.swift */,
				3134A07C2ADD7EAA00A88F59 /* Assets */,
				3134A0832ADD7F6100A88F59 /* Components */,
				3134A0872ADD7FC200A88F59 /* Data */,
				3134A0892ADD83F100A88F59 /* Managers */,
				3134A08A2ADD840500A88F59 /* Presentation */,
				3199CAF52ADD717200CFEC9E /* Preview Content */,
			);
			path = Reqresync;
			sourceTree = "<group>";
		};
		3199CAF52ADD717200CFEC9E /* Preview Content */ = {
			isa = PBXGroup;
			children = (
				3199CAF62ADD717200CFEC9E /* Preview Assets.xcassets */,
			);
			path = "Preview Content";
			sourceTree = "<group>";
		};
/* End PBXGroup section */

/* Begin PBXNativeTarget section */
		3199CAEB2ADD717100CFEC9E /* Reqresync */ = {
			isa = PBXNativeTarget;
			buildConfigurationList = 3199CAFA2ADD717200CFEC9E /* Build configuration list for PBXNativeTarget "Reqresync" */;
			buildPhases = (
				3199CAE82ADD717100CFEC9E /* Sources */,
				3199CAE92ADD717100CFEC9E /* Frameworks */,
				3199CAEA2ADD717100CFEC9E /* Resources */,
			);
			buildRules = (
			);
			dependencies = (
			);
			name = Reqresync;
			productName = Reqresync;
			productReference = 3199CAEC2ADD717100CFEC9E /* Reqresync.app */;
			productType = "com.apple.product-type.application";
		};
/* End PBXNativeTarget section */

/* Begin PBXProject section */
		3199CAE42ADD717000CFEC9E /* Project object */ = {
			isa = PBXProject;
			attributes = {
				BuildIndependentTargetsInParallel = 1;
				LastSwiftUpdateCheck = 1500;
				LastUpgradeCheck = 1500;
				TargetAttributes = {
					3199CAEB2ADD717100CFEC9E = {
						CreatedOnToolsVersion = 15.0;
					};
				};
			};
			buildConfigurationList = 3199CAE72ADD717000CFEC9E /* Build configuration list for PBXProject "Reqresync" */;
			compatibilityVersion = "Xcode 14.0";
			developmentRegion = en;
			hasScannedForEncodings = 0;
			knownRegions = (
				en,
				Base,
			);
			mainGroup = 3199CAE32ADD717000CFEC9E;
			productRefGroup = 3199CAED2ADD717100CFEC9E /* Products */;
			projectDirPath = "";
			projectRoot = "";
			targets = (
				3199CAEB2ADD717100CFEC9E /* Reqresync */,
			);
		};
/* End PBXProject section */

/* Begin PBXResourcesBuildPhase section */
		3199CAEA2ADD717100CFEC9E /* Resources */ = {
			isa = PBXResourcesBuildPhase;
			buildActionMask = 2147483647;
			files = (
				3134A09A2ADDAA5200A88F59 /* UsersStaticData.json in Resources */,
				3134A0982ADDA23F00A88F59 /* Launch Screen.storyboard in Resources */,
				3199CAF72ADD717200CFEC9E /* Preview Assets.xcassets in Resources */,
				3134A09E2ADDAB2B00A88F59 /* UserStaticData.json in Resources */,
				3199CAF42ADD717200CFEC9E /* Assets.xcassets in Resources */,
			);
			runOnlyForDeploymentPostprocessing = 0;
		};
/* End PBXResourcesBuildPhase section */

/* Begin PBXSourcesBuildPhase section */
		3199CAE82ADD717100CFEC9E /* Sources */ = {
			isa = PBXSourcesBuildPhase;
			buildActionMask = 2147483647;
			files = (
				3199CAF22ADD717100CFEC9E /* ContentView.swift in Sources */,
				3134A0822ADD7F2D00A88F59 /* Colors.swift in Sources */,
				3134A0802ADD7F0900A88F59 /* Symbols.swift in Sources */,
				3134A07E2ADD7EC100A88F59 /* Strings.swift in Sources */,
				3134A0A72ADDAFC800A88F59 /* StaticJSONMapper.swift in Sources */,
				3199CAF02ADD717100CFEC9E /* ReqresyncApp.swift in Sources */,
				3134A0A02ADDAD3000A88F59 /* UserDetailResponse.swift in Sources */,
				3134A0A42ADDAE9400A88F59 /* Models.swift in Sources */,
				3134A0942ADD852600A88F59 /* PeopleView.swift in Sources */,
				3134A0A22ADDADBD00A88F59 /* UsersResponse.swift in Sources */,
			);
			runOnlyForDeploymentPostprocessing = 0;
		};
/* End PBXSourcesBuildPhase section */

/* Begin XCBuildConfiguration section */
		3199CAF82ADD717200CFEC9E /* Debug */ = {
			isa = XCBuildConfiguration;
			buildSettings = {
				ALWAYS_SEARCH_USER_PATHS = NO;
				ASSETCATALOG_COMPILER_GENERATE_SWIFT_ASSET_SYMBOL_EXTENSIONS = YES;
				CLANG_ANALYZER_NONNULL = YES;
				CLANG_ANALYZER_NUMBER_OBJECT_CONVERSION = YES_AGGRESSIVE;
				CLANG_CXX_LANGUAGE_STANDARD = "gnu++20";
				CLANG_ENABLE_MODULES = YES;
				CLANG_ENABLE_OBJC_ARC = YES;
				CLANG_ENABLE_OBJC_WEAK = YES;
				CLANG_WARN_BLOCK_CAPTURE_AUTORELEASING = YES;
				CLANG_WARN_BOOL_CONVERSION = YES;
				CLANG_WARN_COMMA = YES;
				CLANG_WARN_CONSTANT_CONVERSION = YES;
				CLANG_WARN_DEPRECATED_OBJC_IMPLEMENTATIONS = YES;
				CLANG_WARN_DIRECT_OBJC_ISA_USAGE = YES_ERROR;
				CLANG_WARN_DOCUMENTATION_COMMENTS = YES;
				CLANG_WARN_EMPTY_BODY = YES;
				CLANG_WARN_ENUM_CONVERSION = YES;
				CLANG_WARN_INFINITE_RECURSION = YES;
				CLANG_WARN_INT_CONVERSION = YES;
				CLANG_WARN_NON_LITERAL_NULL_CONVERSION = YES;
				CLANG_WARN_OBJC_IMPLICIT_RETAIN_SELF = YES;
				CLANG_WARN_OBJC_LITERAL_CONVERSION = YES;
				CLANG_WARN_OBJC_ROOT_CLASS = YES_ERROR;
				CLANG_WARN_QUOTED_INCLUDE_IN_FRAMEWORK_HEADER = YES;
				CLANG_WARN_RANGE_LOOP_ANALYSIS = YES;
				CLANG_WARN_STRICT_PROTOTYPES = YES;
				CLANG_WARN_SUSPICIOUS_MOVE = YES;
				CLANG_WARN_UNGUARDED_AVAILABILITY = YES_AGGRESSIVE;
				CLANG_WARN_UNREACHABLE_CODE = YES;
				CLANG_WARN__DUPLICATE_METHOD_MATCH = YES;
				COPY_PHASE_STRIP = NO;
				DEBUG_INFORMATION_FORMAT = dwarf;
				ENABLE_STRICT_OBJC_MSGSEND = YES;
				ENABLE_TESTABILITY = YES;
				ENABLE_USER_SCRIPT_SANDBOXING = YES;
				GCC_C_LANGUAGE_STANDARD = gnu17;
				GCC_DYNAMIC_NO_PIC = NO;
				GCC_NO_COMMON_BLOCKS = YES;
				GCC_OPTIMIZATION_LEVEL = 0;
				GCC_PREPROCESSOR_DEFINITIONS = (
					"DEBUG=1",
					"$(inherited)",
				);
				GCC_WARN_64_TO_32_BIT_CONVERSION = YES;
				GCC_WARN_ABOUT_RETURN_TYPE = YES_ERROR;
				GCC_WARN_UNDECLARED_SELECTOR = YES;
				GCC_WARN_UNINITIALIZED_AUTOS = YES_AGGRESSIVE;
				GCC_WARN_UNUSED_FUNCTION = YES;
				GCC_WARN_UNUSED_VARIABLE = YES;
				IPHONEOS_DEPLOYMENT_TARGET = 17.0;
				LOCALIZATION_PREFERS_STRING_CATALOGS = YES;
				MTL_ENABLE_DEBUG_INFO = INCLUDE_SOURCE;
				MTL_FAST_MATH = YES;
				ONLY_ACTIVE_ARCH = YES;
				SDKROOT = iphoneos;
				SWIFT_ACTIVE_COMPILATION_CONDITIONS = "DEBUG $(inherited)";
				SWIFT_OPTIMIZATION_LEVEL = "-Onone";
			};
			name = Debug;
		};
		3199CAF92ADD717200CFEC9E /* Release */ = {
			isa = XCBuildConfiguration;
			buildSettings = {
				ALWAYS_SEARCH_USER_PATHS = NO;
				ASSETCATALOG_COMPILER_GENERATE_SWIFT_ASSET_SYMBOL_EXTENSIONS = YES;
				CLANG_ANALYZER_NONNULL = YES;
				CLANG_ANALYZER_NUMBER_OBJECT_CONVERSION = YES_AGGRESSIVE;
				CLANG_CXX_LANGUAGE_STANDARD = "gnu++20";
				CLANG_ENABLE_MODULES = YES;
				CLANG_ENABLE_OBJC_ARC = YES;
				CLANG_ENABLE_OBJC_WEAK = YES;
				CLANG_WARN_BLOCK_CAPTURE_AUTORELEASING = YES;
				CLANG_WARN_BOOL_CONVERSION = YES;
				CLANG_WARN_COMMA = YES;
				CLANG_WARN_CONSTANT_CONVERSION = YES;
				CLANG_WARN_DEPRECATED_OBJC_IMPLEMENTATIONS = YES;
				CLANG_WARN_DIRECT_OBJC_ISA_USAGE = YES_ERROR;
				CLANG_WARN_DOCUMENTATION_COMMENTS = YES;
				CLANG_WARN_EMPTY_BODY = YES;
				CLANG_WARN_ENUM_CONVERSION = YES;
				CLANG_WARN_INFINITE_RECURSION = YES;
				CLANG_WARN_INT_CONVERSION = YES;
				CLANG_WARN_NON_LITERAL_NULL_CONVERSION = YES;
				CLANG_WARN_OBJC_IMPLICIT_RETAIN_SELF = YES;
				CLANG_WARN_OBJC_LITERAL_CONVERSION = YES;
				CLANG_WARN_OBJC_ROOT_CLASS = YES_ERROR;
				CLANG_WARN_QUOTED_INCLUDE_IN_FRAMEWORK_HEADER = YES;
				CLANG_WARN_RANGE_LOOP_ANALYSIS = YES;
				CLANG_WARN_STRICT_PROTOTYPES = YES;
				CLANG_WARN_SUSPICIOUS_MOVE = YES;
				CLANG_WARN_UNGUARDED_AVAILABILITY = YES_AGGRESSIVE;
				CLANG_WARN_UNREACHABLE_CODE = YES;
				CLANG_WARN__DUPLICATE_METHOD_MATCH = YES;
				COPY_PHASE_STRIP = NO;
				DEBUG_INFORMATION_FORMAT = "dwarf-with-dsym";
				ENABLE_NS_ASSERTIONS = NO;
				ENABLE_STRICT_OBJC_MSGSEND = YES;
				ENABLE_USER_SCRIPT_SANDBOXING = YES;
				GCC_C_LANGUAGE_STANDARD = gnu17;
				GCC_NO_COMMON_BLOCKS = YES;
				GCC_WARN_64_TO_32_BIT_CONVERSION = YES;
				GCC_WARN_ABOUT_RETURN_TYPE = YES_ERROR;
				GCC_WARN_UNDECLARED_SELECTOR = YES;
				GCC_WARN_UNINITIALIZED_AUTOS = YES_AGGRESSIVE;
				GCC_WARN_UNUSED_FUNCTION = YES;
				GCC_WARN_UNUSED_VARIABLE = YES;
				IPHONEOS_DEPLOYMENT_TARGET = 17.0;
				LOCALIZATION_PREFERS_STRING_CATALOGS = YES;
				MTL_ENABLE_DEBUG_INFO = NO;
				MTL_FAST_MATH = YES;
				SDKROOT = iphoneos;
				SWIFT_COMPILATION_MODE = wholemodule;
				VALIDATE_PRODUCT = YES;
			};
			name = Release;
		};
		3199CAFB2ADD717200CFEC9E /* Debug */ = {
			isa = XCBuildConfiguration;
			buildSettings = {
				ASSETCATALOG_COMPILER_APPICON_NAME = AppIcon;
				ASSETCATALOG_COMPILER_GLOBAL_ACCENT_COLOR_NAME = AccentColor;
				CODE_SIGN_STYLE = Automatic;
				CURRENT_PROJECT_VERSION = 1;
				DEVELOPMENT_ASSET_PATHS = "\"Reqresync/Preview Content\"";
				DEVELOPMENT_TEAM = AMQ6T3X92J;
				ENABLE_PREVIEWS = YES;
				GENERATE_INFOPLIST_FILE = YES;
				INFOPLIST_KEY_UIApplicationSceneManifest_Generation = YES;
				INFOPLIST_KEY_UIApplicationSupportsIndirectInputEvents = YES;
				INFOPLIST_KEY_UILaunchScreen_Generation = YES;
				INFOPLIST_KEY_UILaunchStoryboardName = "Launch Screen.storyboard";
				INFOPLIST_KEY_UISupportedInterfaceOrientations_iPad = "UIInterfaceOrientationPortrait UIInterfaceOrientationPortraitUpsideDown UIInterfaceOrientationLandscapeLeft UIInterfaceOrientationLandscapeRight";
				INFOPLIST_KEY_UISupportedInterfaceOrientations_iPhone = "UIInterfaceOrientationPortrait UIInterfaceOrientationLandscapeLeft UIInterfaceOrientationLandscapeRight";
				IPHONEOS_DEPLOYMENT_TARGET = 16.0;
				LD_RUNPATH_SEARCH_PATHS = (
					"$(inherited)",
					"@executable_path/Frameworks",
				);
				MARKETING_VERSION = 1.0;
				PRODUCT_BUNDLE_IDENTIFIER = com.rhc0de.Reqresync;
				PRODUCT_NAME = "$(TARGET_NAME)";
				SWIFT_EMIT_LOC_STRINGS = YES;
				SWIFT_VERSION = 5.0;
				TARGETED_DEVICE_FAMILY = "1,2";
			};
			name = Debug;
		};
		3199CAFC2ADD717200CFEC9E /* Release */ = {
			isa = XCBuildConfiguration;
			buildSettings = {
				ASSETCATALOG_COMPILER_APPICON_NAME = AppIcon;
				ASSETCATALOG_COMPILER_GLOBAL_ACCENT_COLOR_NAME = AccentColor;
				CODE_SIGN_STYLE = Automatic;
				CURRENT_PROJECT_VERSION = 1;
				DEVELOPMENT_ASSET_PATHS = "\"Reqresync/Preview Content\"";
				DEVELOPMENT_TEAM = AMQ6T3X92J;
				ENABLE_PREVIEWS = YES;
				GENERATE_INFOPLIST_FILE = YES;
				INFOPLIST_KEY_UIApplicationSceneManifest_Generation = YES;
				INFOPLIST_KEY_UIApplicationSupportsIndirectInputEvents = YES;
				INFOPLIST_KEY_UILaunchScreen_Generation = YES;
				INFOPLIST_KEY_UILaunchStoryboardName = "Launch Screen.storyboard";
				INFOPLIST_KEY_UISupportedInterfaceOrientations_iPad = "UIInterfaceOrientationPortrait UIInterfaceOrientationPortraitUpsideDown UIInterfaceOrientationLandscapeLeft UIInterfaceOrientationLandscapeRight";
				INFOPLIST_KEY_UISupportedInterfaceOrientations_iPhone = "UIInterfaceOrientationPortrait UIInterfaceOrientationLandscapeLeft UIInterfaceOrientationLandscapeRight";
				IPHONEOS_DEPLOYMENT_TARGET = 16.0;
				LD_RUNPATH_SEARCH_PATHS = (
					"$(inherited)",
					"@executable_path/Frameworks",
				);
				MARKETING_VERSION = 1.0;
				PRODUCT_BUNDLE_IDENTIFIER = com.rhc0de.Reqresync;
				PRODUCT_NAME = "$(TARGET_NAME)";
				SWIFT_EMIT_LOC_STRINGS = YES;
				SWIFT_VERSION = 5.0;
				TARGETED_DEVICE_FAMILY = "1,2";
			};
			name = Release;
		};
/* End XCBuildConfiguration section */

/* Begin XCConfigurationList section */
		3199CAE72ADD717000CFEC9E /* Build configuration list for PBXProject "Reqresync" */ = {
			isa = XCConfigurationList;
			buildConfigurations = (
				3199CAF82ADD717200CFEC9E /* Debug */,
				3199CAF92ADD717200CFEC9E /* Release */,
			);
			defaultConfigurationIsVisible = 0;
			defaultConfigurationName = Release;
		};
		3199CAFA2ADD717200CFEC9E /* Build configuration list for PBXNativeTarget "Reqresync" */ = {
			isa = XCConfigurationList;
			buildConfigurations = (
				3199CAFB2ADD717200CFEC9E /* Debug */,
				3199CAFC2ADD717200CFEC9E /* Release */,
			);
			defaultConfigurationIsVisible = 0;
			defaultConfigurationName = Release;
		};
/* End XCConfigurationList section */
	};
	rootObject = 3199CAE42ADD717000CFEC9E /* Project object */;
}
